<?xml version="1.0" encoding="utf-8"?>
<Project ToolsVersion="4.0" xmlns="http://schemas.microsoft.com/developer/msbuild/2003">
  <ItemGroup>
    <Filter Include="Source Files">
      <UniqueIdentifier>{4FC737F1-C7A5-4376-A066-2A32D752A2FF}</UniqueIdentifier>
      <Extensions>cpp;c;cc;cxx;def;odl;idl;hpj;bat;asm;asmx</Extensions>
    </Filter>
    <Filter Include="Header Files">
      <UniqueIdentifier>{93995380-89BD-4b04-88EB-625FBE52EBFB}</UniqueIdentifier>
      <Extensions>h;hpp;hxx;hm;inl;inc;xsd</Extensions>
    </Filter>
    <Filter Include="Resource Files">
      <UniqueIdentifier>{67DA6AB6-F800-4c08-8B7A-83BB121AAD01}</UniqueIdentifier>
      <Extensions>rc;ico;cur;bmp;dlg;rc2;rct;bin;rgs;gif;jpg;jpeg;jpe;resx;tiff;tif;png;wav;mfcribbon-ms</Extensions>
    </Filter>
  </ItemGroup>
  <ItemGroup>
    <None Include="ReadMe.txt" />
    <None Include="ClassDiagram1.cd" />
  </ItemGroup>
  <ItemGroup>
    <ClInclude Include="stdafx.h">
      <Filter>Header Files</Filter>
    </ClInclude>
    <ClInclude Include="targetver.h">
      <Filter>Header Files</Filter>
    </ClInclude>
    <ClInclude Include="RandomGenerator.h">
      <Filter>Header Files</Filter>
    </ClInclude>
    <ClInclude Include="Estimators\Estimator.h">
      <Filter>Header Files</Filter>
    </ClInclude>
    <ClInclude Include="Selectors\Selector.h">
      <Filter>Header Files</Filter>
    </ClInclude>
    <ClInclude Include="Selectors\RouletteSelector.h">
      <Filter>Header Files</Filter>
    </ClInclude>
    <ClInclude Include="Estimators\FairEstimator.h">
      <Filter>Header Files</Filter>
    </ClInclude>
    <ClInclude Include="Estimators\ColumnwiseEstimator.h">
      <Filter>Header Files</Filter>
    </ClInclude>
    <ClInclude Include="Estimators\EntropyEstimator.h">
      <Filter>Header Files</Filter>
    </ClInclude>
    <ClInclude Include="Approach\BasicApproach.h">
      <Filter>Header Files</Filter>
    </ClInclude>
    <ClInclude Include="Rows\MutableRow.h">
      <Filter>Header Files</Filter>
    </ClInclude>
    <ClInclude Include="Rows\ConstrainedRow.h">
      <Filter>Header Files</Filter>
    </ClInclude>
    <ClInclude Include="Mutations\Mutation.h">
      <Filter>Header Files</Filter>
    </ClInclude>
    <ClInclude Include="Mutations\BasicMutation.h">
      <Filter>Header Files</Filter>
    </ClInclude>
    <ClInclude Include="SolutionCandidate.h">
      <Filter>Header Files</Filter>
    </ClInclude>
    <ClInclude Include="types.h">
      <Filter>Header Files</Filter>
    </ClInclude>
    <ClInclude Include="Griddlers\Griddler.h">
      <Filter>Header Files</Filter>
    </ClInclude>
    <ClInclude Include="Griddlers\GriddlerPreset.h">
      <Filter>Header Files</Filter>
    </ClInclude>
    <ClInclude Include="..\tests\catch\catch_amalgamated.hpp">
      <Filter>Header Files</Filter>
    </ClInclude>
    <ClInclude Include="Griddlers\ConcreteGriddler7x7.h">
      <Filter>Header Files</Filter>
    </ClInclude>
    <ClInclude Include="PopulationGenerator.h">
      <Filter>Header Files</Filter>
    </ClInclude>
    <ClInclude Include="Rows\GriddlerRow.h">
      <Filter>Header Files</Filter>
    </ClInclude>
    <ClInclude Include="GeneticAlgorithm.h">
      <Filter>Header Files</Filter>
    </ClInclude>
    <ClInclude Include="Approach\NoApproach.h">
      <Filter>Header Files</Filter>
    </ClInclude>
    <ClInclude Include="Array2DWrapper.h">
      <Filter>Header Files</Filter>
    </ClInclude>
    <ClInclude Include="Approach\FullSolutionProvider.h">
      <Filter>Header Files</Filter>
    </ClInclude>
    <ClInclude Include="Approach\ConstraintProvider.h">
      <Filter>Header Files</Filter>
    </ClInclude>
    <ClInclude Include="SolutionTable.h">
      <Filter>Header Files</Filter>
    </ClInclude>
    <ClInclude Include="Approach\ApproachhProvider.h">
      <Filter>Header Files</Filter>
    </ClInclude>
    <ClInclude Include="Griddlers\DiagonalGriddler5x5.h">
      <Filter>Header Files</Filter>
    </ClInclude>
    <ClInclude Include="Estimators\BasicEstimator.h">
      <Filter>Header Files</Filter>
    </ClInclude>
    <ClInclude Include="Approach\WarpedSolution.h">
      <Filter>Header Files</Filter>
    </ClInclude>
    <ClInclude Include="Selectors\BestOfSelector.h">
      <Filter>Header Files</Filter>
    </ClInclude>
    <ClInclude Include="PopulationAnalyser.h">
      <Filter>Header Files</Filter>
    </ClInclude>
    <ClInclude Include="Griddlers\TestGriddler5x5.h">
      <Filter>Header Files</Filter>
    </ClInclude>
  </ItemGroup>
  <ItemGroup>
    <ClCompile Include="stdafx.cpp">
      <Filter>Source Files</Filter>
    </ClCompile>
    <ClCompile Include="GriddlersSolver.cpp">
      <Filter>Source Files</Filter>
    </ClCompile>
    <ClCompile Include="SolutionCandidate.cpp">
      <Filter>Source Files</Filter>
    </ClCompile>
    <ClCompile Include="..\tests\tests.cpp">
      <Filter>Source Files</Filter>
    </ClCompile>
    <ClCompile Include="..\tests\catch\catch_amalgamated.cpp">
      <Filter>Source Files</Filter>
    </ClCompile>
    <ClCompile Include="Rows\GriddlerRow.cpp">
      <Filter>Source Files</Filter>
    </ClCompile>
    <ClCompile Include="Rows\MutableRow.cpp">
      <Filter>Source Files</Filter>
    </ClCompile>
    <ClCompile Include="Rows\ConstrainedRow.cpp">
      <Filter>Source Files</Filter>
    </ClCompile>
    <ClCompile Include="GeneticAlgorithm.cpp">
      <Filter>Source Files</Filter>
    </ClCompile>
    <ClCompile Include="Approach\NoApproach.cpp">
      <Filter>Source Files</Filter>
    </ClCompile>
    <ClCompile Include="SolutionTable.cpp">
      <Filter>Source Files</Filter>
    </ClCompile>
    <ClCompile Include="Estimators\BasicEstimator.cpp">
      <Filter>Source Files</Filter>
    </ClCompile>
    <ClCompile Include="Mutations\Mutation.cpp">
      <Filter>Source Files</Filter>
    </ClCompile>
    <ClCompile Include="Selectors\BestOfSelector.cpp">
      <Filter>Source Files</Filter>
    </ClCompile>
    <ClCompile Include="Selectors\RouletteSelector.cpp">
      <Filter>Source Files</Filter>
    </ClCompile>
    <ClCompile Include="PopulationAnalyser.cpp">
      <Filter>Source Files</Filter>
    </ClCompile>
  </ItemGroup>
</Project>